
Microsoft Visual Studio Solution File, Format Version 12.00
# Visual Studio Version 17
VisualStudioVersion = 17.7.34031.279
MinimumVisualStudioVersion = 10.0.40219.1
Project("{9A19103F-16F7-4668-BE54-9A1E7A4F7556}") = "FPT_Books_Store", "FPT_Books_Store.csproj", "{4933F7BB-7166-4F5E-BE71-C165F3904FDE}"
EndProject
Global
	GlobalSection(SolutionConfigurationPlatforms) = preSolution
		Debug|Any CPU = Debug|Any CPU
		Release|Any CPU = Release|Any CPU
	EndGlobalSection
	GlobalSection(ProjectConfigurationPlatforms) = postSolution
		{4933F7BB-7166-4F5E-BE71-C165F3904FDE}.Debug|Any CPU.ActiveCfg = Debug|Any CPU
		{4933F7BB-7166-4F5E-BE71-C165F3904FDE}.Debug|Any CPU.Build.0 = Debug|Any CPU
		{4933F7BB-7166-4F5E-BE71-C165F3904FDE}.Release|Any CPU.ActiveCfg = Release|Any CPU
		{4933F7BB-7166-4F5E-BE71-C165F3904FDE}.Release|Any CPU.Build.0 = Release|Any CPU
	EndGlobalSection
	GlobalSection(SolutionProperties) = preSolution
		HideSolutionNode = FALSE
	EndGlobalSection
	GlobalSection(ExtensibilityGlobals) = postSolution
		SolutionGuid = {70C47C6B-BBFF-47A5-AC3D-4C0680912FBB}
	EndGlobalSection
EndGlobal
